
Microsoft Visual Studio Solution File, Format Version 12.00
# Visual Studio 15
VisualStudioVersion = 15.0.28010.2041
MinimumVisualStudioVersion = 10.0.40219.1
Project("{8BC9CEB8-8B4A-11D0-8D11-00A0C91BC942}") = "Ejercicio Clase 1", "Ejercicio Clase 1\Ejercicio Clase 1.vcxproj", "{8FA2B09A-4B6A-4AFB-85E6-B26B6B08A0AA}"
EndProject
Global
	GlobalSection(SolutionConfigurationPlatforms) = preSolution
		Debug|x64 = Debug|x64
		Debug|x86 = Debug|x86
		Release|x64 = Release|x64
		Release|x86 = Release|x86
	EndGlobalSection
	GlobalSection(ProjectConfigurationPlatforms) = postSolution
		{8FA2B09A-4B6A-4AFB-85E6-B26B6B08A0AA}.Debug|x64.ActiveCfg = Debug|x64
		{8FA2B09A-4B6A-4AFB-85E6-B26B6B08A0AA}.Debug|x64.Build.0 = Debug|x64
		{8FA2B09A-4B6A-4AFB-85E6-B26B6B08A0AA}.Debug|x86.ActiveCfg = Debug|Win32
		{8FA2B09A-4B6A-4AFB-85E6-B26B6B08A0AA}.Debug|x86.Build.0 = Debug|Win32
		{8FA2B09A-4B6A-4AFB-85E6-B26B6B08A0AA}.Release|x64.ActiveCfg = Release|x64
		{8FA2B09A-4B6A-4AFB-85E6-B26B6B08A0AA}.Release|x64.Build.0 = Release|x64
		{8FA2B09A-4B6A-4AFB-85E6-B26B6B08A0AA}.Release|x86.ActiveCfg = Release|Win32
		{8FA2B09A-4B6A-4AFB-85E6-B26B6B08A0AA}.Release|x86.Build.0 = Release|Win32
	EndGlobalSection
	GlobalSection(SolutionProperties) = preSolution
		HideSolutionNode = FALSE
	EndGlobalSection
	GlobalSection(ExtensibilityGlobals) = postSolution
		SolutionGuid = {9713BE39-2EE2-47ED-B5D3-9799A10831AA}
	EndGlobalSection
EndGlobal
